
Microsoft Visual Studio Solution File, Format Version 12.00
# Visual Studio Version 17
VisualStudioVersion = 17.14.36811.4 d17.14
MinimumVisualStudioVersion = 10.0.40219.1
Project("{FAE04EC0-301F-11D3-BF4B-00C04F79EFBC}") = "QuanLyCuaHangGame.GUI", "QuanLyCuaHangGame\QuanLyCuaHangGame.GUI.csproj", "{029E01B8-B57A-48C3-8319-FFDBBB5EA471}"
EndProject
Project("{FAE04EC0-301F-11D3-BF4B-00C04F79EFBC}") = "QuanLyCuaHangGame.BLL", "QuanLyCuaHangGame.BLL\QuanLyCuaHangGame.BLL.csproj", "{34381C4D-542A-4310-B715-C5A24D8E1740}"
EndProject
Project("{FAE04EC0-301F-11D3-BF4B-00C04F79EFBC}") = "QuanLyCuaHangGame.Model", "QuanLyCuaHangGame.Model\QuanLyCuaHangGame.Model.csproj", "{11111111-2222-3333-4444-555555555555}"
EndProject
Project("{FAE04EC0-301F-11D3-BF4B-00C04F79EFBC}") = "QuanLyCuaHangGame.DAL", "QuanLyCuaHangGame.DAL\QuanLyCuaHangGame.DAL.csproj", "{A1EEACBA-7F92-4DFE-AF0F-2704E22F5915}"
EndProject
Global
	GlobalSection(SolutionConfigurationPlatforms) = preSolution
		Debug|Any CPU = Debug|Any CPU
		Release|Any CPU = Release|Any CPU
	EndGlobalSection
	GlobalSection(ProjectConfigurationPlatforms) = postSolution
		{029E01B8-B57A-48C3-8319-FFDBBB5EA471}.Debug|Any CPU.ActiveCfg = Debug|Any CPU
		{029E01B8-B57A-48C3-8319-FFDBBB5EA471}.Debug|Any CPU.Build.0 = Debug|Any CPU
		{029E01B8-B57A-48C3-8319-FFDBBB5EA471}.Release|Any CPU.ActiveCfg = Release|Any CPU
		{029E01B8-B57A-48C3-8319-FFDBBB5EA471}.Release|Any CPU.Build.0 = Release|Any CPU
		{34381C4D-542A-4310-B715-C5A24D8E1740}.Debug|Any CPU.ActiveCfg = Debug|Any CPU
		{34381C4D-542A-4310-B715-C5A24D8E1740}.Debug|Any CPU.Build.0 = Debug|Any CPU
		{34381C4D-542A-4310-B715-C5A24D8E1740}.Release|Any CPU.ActiveCfg = Release|Any CPU
		{34381C4D-542A-4310-B715-C5A24D8E1740}.Release|Any CPU.Build.0 = Release|Any CPU
		{11111111-2222-3333-4444-555555555555}.Debug|Any CPU.ActiveCfg = Debug|Any CPU
		{11111111-2222-3333-4444-555555555555}.Debug|Any CPU.Build.0 = Debug|Any CPU
		{11111111-2222-3333-4444-555555555555}.Release|Any CPU.ActiveCfg = Release|Any CPU
		{11111111-2222-3333-4444-555555555555}.Release|Any CPU.Build.0 = Release|Any CPU
		{A1EEACBA-7F92-4DFE-AF0F-2704E22F5915}.Debug|Any CPU.ActiveCfg = Debug|Any CPU
		{A1EEACBA-7F92-4DFE-AF0F-2704E22F5915}.Debug|Any CPU.Build.0 = Debug|Any CPU
		{A1EEACBA-7F92-4DFE-AF0F-2704E22F5915}.Release|Any CPU.ActiveCfg = Release|Any CPU
		{A1EEACBA-7F92-4DFE-AF0F-2704E22F5915}.Release|Any CPU.Build.0 = Release|Any CPU
	EndGlobalSection
	GlobalSection(SolutionProperties) = preSolution
		HideSolutionNode = FALSE
	EndGlobalSection
	GlobalSection(ExtensibilityGlobals) = postSolution
		SolutionGuid = {BC4AFA2D-498B-4861-AFC8-3BC901299341}
	EndGlobalSection
EndGlobal
